
Microsoft Visual Studio Solution File, Format Version 12.00
# Visual Studio Version 17
VisualStudioVersion = 17.8.34112.27
MinimumVisualStudioVersion = 10.0.40219.1
Project("{FAE04EC0-301F-11D3-BF4B-00C04F79EFBC}") = "WindowsFormsAppLMS1", "WindowsFormsAppLMS1.csproj", "{D4299B85-C2EE-415D-85F7-B601E80FFDBD}"
EndProject
Global
	GlobalSection(SolutionConfigurationPlatforms) = preSolution
		Debug|Any CPU = Debug|Any CPU
		Release|Any CPU = Release|Any CPU
	EndGlobalSection
	GlobalSection(ProjectConfigurationPlatforms) = postSolution
		{D4299B85-C2EE-415D-85F7-B601E80FFDBD}.Debug|Any CPU.ActiveCfg = Debug|Any CPU
		{D4299B85-C2EE-415D-85F7-B601E80FFDBD}.Debug|Any CPU.Build.0 = Debug|Any CPU
		{D4299B85-C2EE-415D-85F7-B601E80FFDBD}.Release|Any CPU.ActiveCfg = Release|Any CPU
		{D4299B85-C2EE-415D-85F7-B601E80FFDBD}.Release|Any CPU.Build.0 = Release|Any CPU
	EndGlobalSection
	GlobalSection(SolutionProperties) = preSolution
		HideSolutionNode = FALSE
	EndGlobalSection
	GlobalSection(ExtensibilityGlobals) = postSolution
		SolutionGuid = {0C1395DC-039A-44C9-97CC-B37A1E68105C}
	EndGlobalSection
EndGlobal
